// !$*UTF8*$!
{
	archiveVersion = 1;
	classes = {
	};
	objectVersion = 56;
	objects = {

/* Begin PBXBuildFile section */
		C3C5FEBE2A00546A001DE8CC /* AppDelegate.swift in Sources */ = {isa = PBXBuildFile; fileRef = C3C5FEBD2A00546A001DE8CC /* AppDelegate.swift */; };
		C3C5FEC02A00546A001DE8CC /* SceneDelegate.swift in Sources */ = {isa = PBXBuildFile; fileRef = C3C5FEBF2A00546A001DE8CC /* SceneDelegate.swift */; };
		C3C5FEC22A00546A001DE8CC /* CalculatorController.swift in Sources */ = {isa = PBXBuildFile; fileRef = C3C5FEC12A00546A001DE8CC /* CalculatorController.swift */; };
		C3C5FEC72A00546C001DE8CC /* Assets.xcassets in Resources */ = {isa = PBXBuildFile; fileRef = C3C5FEC62A00546C001DE8CC /* Assets.xcassets */; };
		C3C5FECA2A00546C001DE8CC /* LaunchScreen.storyboard in Resources */ = {isa = PBXBuildFile; fileRef = C3C5FEC82A00546C001DE8CC /* LaunchScreen.storyboard */; };
		C3C5FED72A006F86001DE8CC /* CalculatorButtonView.swift in Sources */ = {isa = PBXBuildFile; fileRef = C3C5FED62A006F86001DE8CC /* CalculatorButtonView.swift */; };
		C3C5FEDA2A007085001DE8CC /* CalculatorButton.swift in Sources */ = {isa = PBXBuildFile; fileRef = C3C5FED92A007085001DE8CC /* CalculatorButton.swift */; };
		C3E8E09C2A06A73100E3377C /* CalculatorOperation.swift in Sources */ = {isa = PBXBuildFile; fileRef = C3E8E09B2A06A73100E3377C /* CalculatorOperation.swift */; };
		C3E8E09E2A06B6C300E3377C /* Extensions.swift in Sources */ = {isa = PBXBuildFile; fileRef = C3E8E09D2A06B6C300E3377C /* Extensions.swift */; };
/* End PBXBuildFile section */

/* Begin PBXFileReference section */
		C3C5FEBA2A00546A001DE8CC /* MyCalculator.app */ = {isa = PBXFileReference; explicitFileType = wrapper.application; includeInIndex = 0; path = MyCalculator.app; sourceTree = BUILT_PRODUCTS_DIR; };
		C3C5FEBD2A00546A001DE8CC /* AppDelegate.swift */ = {isa = PBXFileReference; lastKnownFileType = sourcecode.swift; path = AppDelegate.swift; sourceTree = "<group>"; };
		C3C5FEBF2A00546A001DE8CC /* SceneDelegate.swift */ = {isa = PBXFileReference; lastKnownFileType = sourcecode.swift; path = SceneDelegate.swift; sourceTree = "<group>"; };
		C3C5FEC12A00546A001DE8CC /* CalculatorController.swift */ = {isa = PBXFileReference; lastKnownFileType = sourcecode.swift; path = CalculatorController.swift; sourceTree = "<group>"; };
		C3C5FEC62A00546C001DE8CC /* Assets.xcassets */ = {isa = PBXFileReference; lastKnownFileType = folder.assetcatalog; path = Assets.xcassets; sourceTree = "<group>"; };
		C3C5FEC92A00546C001DE8CC /* Base */ = {isa = PBXFileReference; lastKnownFileType = file.storyboard; name = Base; path = Base.lproj/LaunchScreen.storyboard; sourceTree = "<group>"; };
		C3C5FECB2A00546C001DE8CC /* Info.plist */ = {isa = PBXFileReference; lastKnownFileType = text.plist.xml; path = Info.plist; sourceTree = "<group>"; };
		C3C5FED62A006F86001DE8CC /* CalculatorButtonView.swift */ = {isa = PBXFileReference; lastKnownFileType = sourcecode.swift; path = CalculatorButtonView.swift; sourceTree = "<group>"; };
		C3C5FED92A007085001DE8CC /* CalculatorButton.swift */ = {isa = PBXFileReference; lastKnownFileType = sourcecode.swift; path = CalculatorButton.swift; sourceTree = "<group>"; };
		C3E8E09B2A06A73100E3377C /* CalculatorOperation.swift */ = {isa = PBXFileReference; lastKnownFileType = sourcecode.swift; path = CalculatorOperation.swift; sourceTree = "<group>"; };
		C3E8E09D2A06B6C300E3377C /* Extensions.swift */ = {isa = PBXFileReference; lastKnownFileType = sourcecode.swift; path = Extensions.swift; sourceTree = "<group>"; };
/* End PBXFileReference section */

/* Begin PBXFrameworksBuildPhase section */
		C3C5FEB72A00546A001DE8CC /* Frameworks */ = {
			isa = PBXFrameworksBuildPhase;
			buildActionMask = 2147483647;
			files = (
			);
			runOnlyForDeploymentPostprocessing = 0;
		};
/* End PBXFrameworksBuildPhase section */

/* Begin PBXGroup section */
		C3C5FEB12A00546A001DE8CC = {
			isa = PBXGroup;
			children = (
				C3C5FEBC2A00546A001DE8CC /* MyCalculator */,
				C3C5FEBB2A00546A001DE8CC /* Products */,
			);
			sourceTree = "<group>";
		};
		C3C5FEBB2A00546A001DE8CC /* Products */ = {
			isa = PBXGroup;
			children = (
				C3C5FEBA2A00546A001DE8CC /* MyCalculator.app */,
			);
			name = Products;
			sourceTree = "<group>";
		};
		C3C5FEBC2A00546A001DE8CC /* MyCalculator */ = {
			isa = PBXGroup;
			children = (
				C3C5FEC12A00546A001DE8CC /* CalculatorController.swift */,
				C3C5FED82A007060001DE8CC /* Models */,
				C3C5FED12A006F26001DE8CC /* Views */,
				C3C5FEBD2A00546A001DE8CC /* AppDelegate.swift */,
				C3C5FEBF2A00546A001DE8CC /* SceneDelegate.swift */,
				C3C5FEC62A00546C001DE8CC /* Assets.xcassets */,
				C3C5FEC82A00546C001DE8CC /* LaunchScreen.storyboard */,
				C3C5FECB2A00546C001DE8CC /* Info.plist */,
				C3E8E09D2A06B6C300E3377C /* Extensions.swift */,
			);
			path = MyCalculator;
			sourceTree = "<group>";
		};
		C3C5FED12A006F26001DE8CC /* Views */ = {
			isa = PBXGroup;
			children = (
				C3C5FED62A006F86001DE8CC /* CalculatorButtonView.swift */,
			);
			path = Views;
			sourceTree = "<group>";
		};
		C3C5FED82A007060001DE8CC /* Models */ = {
			isa = PBXGroup;
			children = (
				C3C5FED92A007085001DE8CC /* CalculatorButton.swift */,
				C3E8E09B2A06A73100E3377C /* CalculatorOperation.swift */,
			);
			path = Models;
			sourceTree = "<group>";
		};
/* End PBXGroup section */

/* Begin PBXNativeTarget section */
		C3C5FEB92A00546A001DE8CC /* MyCalculator */ = {
			isa = PBXNativeTarget;
			buildConfigurationList = C3C5FECE2A00546C001DE8CC /* Build configuration list for PBXNativeTarget "MyCalculator" */;
			buildPhases = (
				C3C5FEB62A00546A001DE8CC /* Sources */,
				C3C5FEB72A00546A001DE8CC /* Frameworks */,
				C3C5FEB82A00546A001DE8CC /* Resources */,
			);
			buildRules = (
			);
			dependencies = (
			);
			name = MyCalculator;
			productName = MyCalculator;
			productReference = C3C5FEBA2A00546A001DE8CC /* MyCalculator.app */;
			productType = "com.apple.product-type.application";
		};
/* End PBXNativeTarget section */

/* Begin PBXProject section */
		C3C5FEB22A00546A001DE8CC /* Project object */ = {
			isa = PBXProject;
			attributes = {
				BuildIndependentTargetsInParallel = 1;
				LastSwiftUpdateCheck = 1430;
				LastUpgradeCheck = 1430;
				TargetAttributes = {
					C3C5FEB92A00546A001DE8CC = {
						CreatedOnToolsVersion = 14.3;
					};
				};
			};
			buildConfigurationList = C3C5FEB52A00546A001DE8CC /* Build configuration list for PBXProject "MyCalculator" */;
			compatibilityVersion = "Xcode 14.0";
			developmentRegion = en;
			hasScannedForEncodings = 0;
			knownRegions = (
				en,
				Base,
			);
			mainGroup = C3C5FEB12A00546A001DE8CC;
			productRefGroup = C3C5FEBB2A00546A001DE8CC /* Products */;
			projectDirPath = "";
			projectRoot = "";
			targets = (
				C3C5FEB92A00546A001DE8CC /* MyCalculator */,
			);
		};
/* End PBXProject section */

/* Begin PBXResourcesBuildPhase section */
		C3C5FEB82A00546A001DE8CC /* Resources */ = {
			isa = PBXResourcesBuildPhase;
			buildActionMask = 2147483647;
			files = (
				C3C5FECA2A00546C001DE8CC /* LaunchScreen.storyboard in Resources */,
				C3C5FEC72A00546C001DE8CC /* Assets.xcassets in Resources */,
			);
			runOnlyForDeploymentPostprocessing = 0;
		};
/* End PBXResourcesBuildPhase section */

/* Begin PBXSourcesBuildPhase section */
		C3C5FEB62A00546A001DE8CC /* Sources */ = {
			isa = PBXSourcesBuildPhase;
			buildActionMask = 2147483647;
			files = (
				C3C5FEC22A00546A001DE8CC /* CalculatorController.swift in Sources */,
				C3C5FEBE2A00546A001DE8CC /* AppDelegate.swift in Sources */,
				C3E8E09E2A06B6C300E3377C /* Extensions.swift in Sources */,
				C3C5FEC02A00546A001DE8CC /* SceneDelegate.swift in Sources */,
				C3C5FED72A006F86001DE8CC /* CalculatorButtonView.swift in Sources */,
				C3C5FEDA2A007085001DE8CC /* CalculatorButton.swift in Sources */,
				C3E8E09C2A06A73100E3377C /* CalculatorOperation.swift in Sources */,
			);
			runOnlyForDeploymentPostprocessing = 0;
		};
/* End PBXSourcesBuildPhase section */

/* Begin PBXVariantGroup section */
		C3C5FEC82A00546C001DE8CC /* LaunchScreen.storyboard */ = {
			isa = PBXVariantGroup;
			children = (
				C3C5FEC92A00546C001DE8CC /* Base */,
			);
			name = LaunchScreen.storyboard;
			sourceTree = "<group>";
		};
/* End PBXVariantGroup section */

/* Begin XCBuildConfiguration section */
		C3C5FECC2A00546C001DE8CC /* Debug */ = {
			isa = XCBuildConfiguration;
			buildSettings = {
				ALWAYS_SEARCH_USER_PATHS = NO;
				CLANG_ANALYZER_NONNULL = YES;
				CLANG_ANALYZER_NUMBER_OBJECT_CONVERSION = YES_AGGRESSIVE;
				CLANG_CXX_LANGUAGE_STANDARD = "gnu++20";
				CLANG_ENABLE_MODULES = YES;
				CLANG_ENABLE_OBJC_ARC = YES;
				CLANG_ENABLE_OBJC_WEAK = YES;
				CLANG_WARN_BLOCK_CAPTURE_AUTORELEASING = YES;
				CLANG_WARN_BOOL_CONVERSION = YES;
				CLANG_WARN_COMMA = YES;
				CLANG_WARN_CONSTANT_CONVERSION = YES;
				CLANG_WARN_DEPRECATED_OBJC_IMPLEMENTATIONS = YES;
				CLANG_WARN_DIRECT_OBJC_ISA_USAGE = YES_ERROR;
				CLANG_WARN_DOCUMENTATION_COMMENTS = YES;
				CLANG_WARN_EMPTY_BODY = YES;
				CLANG_WARN_ENUM_CONVERSION = YES;
				CLANG_WARN_INFINITE_RECURSION = YES;
				CLANG_WARN_INT_CONVERSION = YES;
				CLANG_WARN_NON_LITERAL_NULL_CONVERSION = YES;
				CLANG_WARN_OBJC_IMPLICIT_RETAIN_SELF = YES;
				CLANG_WARN_OBJC_LITERAL_CONVERSION = YES;
				CLANG_WARN_OBJC_ROOT_CLASS = YES_ERROR;
				CLANG_WARN_QUOTED_INCLUDE_IN_FRAMEWORK_HEADER = YES;
				CLANG_WARN_RANGE_LOOP_ANALYSIS = YES;
				CLANG_WARN_STRICT_PROTOTYPES = YES;
				CLANG_WARN_SUSPICIOUS_MOVE = YES;
				CLANG_WARN_UNGUARDED_AVAILABILITY = YES_AGGRESSIVE;
				CLANG_WARN_UNREACHABLE_CODE = YES;
				CLANG_WARN__DUPLICATE_METHOD_MATCH = YES;
				COPY_PHASE_STRIP = NO;
				DEBUG_INFORMATION_FORMAT = dwarf;
				ENABLE_STRICT_OBJC_MSGSEND = YES;
				ENABLE_TESTABILITY = YES;
				GCC_C_LANGUAGE_STANDARD = gnu11;
				GCC_DYNAMIC_NO_PIC = NO;
				GCC_NO_COMMON_BLOCKS = YES;
				GCC_OPTIMIZATION_LEVEL = 0;
				GCC_PREPROCESSOR_DEFINITIONS = (
					"DEBUG=1",
					"$(inherited)",
				);
				GCC_WARN_64_TO_32_BIT_CONVERSION = YES;
				GCC_WARN_ABOUT_RETURN_TYPE = YES_ERROR;
				GCC_WARN_UNDECLARED_SELECTOR = YES;
				GCC_WARN_UNINITIALIZED_AUTOS = YES_AGGRESSIVE;
				GCC_WARN_UNUSED_FUNCTION = YES;
				GCC_WARN_UNUSED_VARIABLE = YES;
				IPHONEOS_DEPLOYMENT_TARGET = 16.4;
				MTL_ENABLE_DEBUG_INFO = INCLUDE_SOURCE;
				MTL_FAST_MATH = YES;
				ONLY_ACTIVE_ARCH = YES;
				SDKROOT = iphoneos;
				SWIFT_ACTIVE_COMPILATION_CONDITIONS = DEBUG;
				SWIFT_OPTIMIZATION_LEVEL = "-Onone";
			};
			name = Debug;
		};
		C3C5FECD2A00546C001DE8CC /* Release */ = {
			isa = XCBuildConfiguration;
			buildSettings = {
				ALWAYS_SEARCH_USER_PATHS = NO;
				CLANG_ANALYZER_NONNULL = YES;
				CLANG_ANALYZER_NUMBER_OBJECT_CONVERSION = YES_AGGRESSIVE;
				CLANG_CXX_LANGUAGE_STANDARD = "gnu++20";
				CLANG_ENABLE_MODULES = YES;
				CLANG_ENABLE_OBJC_ARC = YES;
				CLANG_ENABLE_OBJC_WEAK = YES;
				CLANG_WARN_BLOCK_CAPTURE_AUTORELEASING = YES;
				CLANG_WARN_BOOL_CONVERSION = YES;
				CLANG_WARN_COMMA = YES;
				CLANG_WARN_CONSTANT_CONVERSION = YES;
				CLANG_WARN_DEPRECATED_OBJC_IMPLEMENTATIONS = YES;
				CLANG_WARN_DIRECT_OBJC_ISA_USAGE = YES_ERROR;
				CLANG_WARN_DOCUMENTATION_COMMENTS = YES;
				CLANG_WARN_EMPTY_BODY = YES;
				CLANG_WARN_ENUM_CONVERSION = YES;
				CLANG_WARN_INFINITE_RECURSION = YES;
				CLANG_WARN_INT_CONVERSION = YES;
				CLANG_WARN_NON_LITERAL_NULL_CONVERSION = YES;
				CLANG_WARN_OBJC_IMPLICIT_RETAIN_SELF = YES;
				CLANG_WARN_OBJC_LITERAL_CONVERSION = YES;
				CLANG_WARN_OBJC_ROOT_CLASS = YES_ERROR;
				CLANG_WARN_QUOTED_INCLUDE_IN_FRAMEWORK_HEADER = YES;
				CLANG_WARN_RANGE_LOOP_ANALYSIS = YES;
				CLANG_WARN_STRICT_PROTOTYPES = YES;
				CLANG_WARN_SUSPICIOUS_MOVE = YES;
				CLANG_WARN_UNGUARDED_AVAILABILITY = YES_AGGRESSIVE;
				CLANG_WARN_UNREACHABLE_CODE = YES;
				CLANG_WARN__DUPLICATE_METHOD_MATCH = YES;
				COPY_PHASE_STRIP = NO;
				DEBUG_INFORMATION_FORMAT = "dwarf-with-dsym";
				ENABLE_NS_ASSERTIONS = NO;
				ENABLE_STRICT_OBJC_MSGSEND = YES;
				GCC_C_LANGUAGE_STANDARD = gnu11;
				GCC_NO_COMMON_BLOCKS = YES;
				GCC_WARN_64_TO_32_BIT_CONVERSION = YES;
				GCC_WARN_ABOUT_RETURN_TYPE = YES_ERROR;
				GCC_WARN_UNDECLARED_SELECTOR = YES;
				GCC_WARN_UNINITIALIZED_AUTOS = YES_AGGRESSIVE;
				GCC_WARN_UNUSED_FUNCTION = YES;
				GCC_WARN_UNUSED_VARIABLE = YES;
				IPHONEOS_DEPLOYMENT_TARGET = 16.4;
				MTL_ENABLE_DEBUG_INFO = NO;
				MTL_FAST_MATH = YES;
				SDKROOT = iphoneos;
				SWIFT_COMPILATION_MODE = wholemodule;
				SWIFT_OPTIMIZATION_LEVEL = "-O";
				VALIDATE_PRODUCT = YES;
			};
			name = Release;
		};
		C3C5FECF2A00546C001DE8CC /* Debug */ = {
			isa = XCBuildConfiguration;
			buildSettings = {
				ASSETCATALOG_COMPILER_APPICON_NAME = AppIcon;
				ASSETCATALOG_COMPILER_GLOBAL_ACCENT_COLOR_NAME = AccentColor;
				CODE_SIGN_STYLE = Automatic;
				CURRENT_PROJECT_VERSION = 1;
				DEVELOPMENT_TEAM = 93V56GM6ZK;
				GENERATE_INFOPLIST_FILE = YES;
				INFOPLIST_FILE = MyCalculator/Info.plist;
				INFOPLIST_KEY_UIApplicationSupportsIndirectInputEvents = YES;
				INFOPLIST_KEY_UILaunchStoryboardName = LaunchScreen;
				INFOPLIST_KEY_UISupportedInterfaceOrientations_iPad = "UIInterfaceOrientationPortrait UIInterfaceOrientationPortraitUpsideDown UIInterfaceOrientationLandscapeLeft UIInterfaceOrientationLandscapeRight";
				INFOPLIST_KEY_UISupportedInterfaceOrientations_iPhone = "UIInterfaceOrientationPortrait UIInterfaceOrientationLandscapeLeft UIInterfaceOrientationLandscapeRight";
				LD_RUNPATH_SEARCH_PATHS = (
					"$(inherited)",
					"@executable_path/Frameworks",
				);
				MARKETING_VERSION = 1.0;
				PRODUCT_BUNDLE_IDENTIFIER = vanyalaptii.MyCalculator;
				PRODUCT_NAME = "$(TARGET_NAME)";
				SWIFT_EMIT_LOC_STRINGS = YES;
				SWIFT_VERSION = 5.0;
				TARGETED_DEVICE_FAMILY = 1;
			};
			name = Debug;
		};
		C3C5FED02A00546C001DE8CC /* Release */ = {
			isa = XCBuildConfiguration;
			buildSettings = {
				ASSETCATALOG_COMPILER_APPICON_NAME = AppIcon;
				ASSETCATALOG_COMPILER_GLOBAL_ACCENT_COLOR_NAME = AccentColor;
				CODE_SIGN_STYLE = Automatic;
				CURRENT_PROJECT_VERSION = 1;
				DEVELOPMENT_TEAM = 93V56GM6ZK;
				GENERATE_INFOPLIST_FILE = YES;
				INFOPLIST_FILE = MyCalculator/Info.plist;
				INFOPLIST_KEY_UIApplicationSupportsIndirectInputEvents = YES;
				INFOPLIST_KEY_UILaunchStoryboardName = LaunchScreen;
				INFOPLIST_KEY_UISupportedInterfaceOrientations_iPad = "UIInterfaceOrientationPortrait UIInterfaceOrientationPortraitUpsideDown UIInterfaceOrientationLandscapeLeft UIInterfaceOrientationLandscapeRight";
				INFOPLIST_KEY_UISupportedInterfaceOrientations_iPhone = "UIInterfaceOrientationPortrait UIInterfaceOrientationLandscapeLeft UIInterfaceOrientationLandscapeRight";
				LD_RUNPATH_SEARCH_PATHS = (
					"$(inherited)",
					"@executable_path/Frameworks",
				);
				MARKETING_VERSION = 1.0;
				PRODUCT_BUNDLE_IDENTIFIER = vanyalaptii.MyCalculator;
				PRODUCT_NAME = "$(TARGET_NAME)";
				SWIFT_EMIT_LOC_STRINGS = YES;
				SWIFT_VERSION = 5.0;
				TARGETED_DEVICE_FAMILY = 1;
			};
			name = Release;
		};
/* End XCBuildConfiguration section */

/* Begin XCConfigurationList section */
		C3C5FEB52A00546A001DE8CC /* Build configuration list for PBXProject "MyCalculator" */ = {
			isa = XCConfigurationList;
			buildConfigurations = (
				C3C5FECC2A00546C001DE8CC /* Debug */,
				C3C5FECD2A00546C001DE8CC /* Release */,
			);
			defaultConfigurationIsVisible = 0;
			defaultConfigurationName = Release;
		};
		C3C5FECE2A00546C001DE8CC /* Build configuration list for PBXNativeTarget "MyCalculator" */ = {
			isa = XCConfigurationList;
			buildConfigurations = (
				C3C5FECF2A00546C001DE8CC /* Debug */,
				C3C5FED02A00546C001DE8CC /* Release */,
			);
			defaultConfigurationIsVisible = 0;
			defaultConfigurationName = Release;
		};
/* End XCConfigurationList section */
	};
	rootObject = C3C5FEB22A00546A001DE8CC /* Project object */;
}
